
Microsoft Visual Studio Solution File, Format Version 12.00
# Visual Studio Version 17
VisualStudioVersion = 17.14.36408.4 d17.14
MinimumVisualStudioVersion = 10.0.40219.1
Project("{FAE04EC0-301F-11D3-BF4B-00C04F79EFBC}") = "TheTowerFarmer", "TheTowerFarmer\TheTowerFarmer.csproj", "{0C5DE2EE-ABA8-4869-80BC-6E7F4F1A3639}"
EndProject
Global
	GlobalSection(SolutionConfigurationPlatforms) = preSolution
		Debug|Any CPU = Debug|Any CPU
		Release|Any CPU = Release|Any CPU
	EndGlobalSection
	GlobalSection(ProjectConfigurationPlatforms) = postSolution
		{0C5DE2EE-ABA8-4869-80BC-6E7F4F1A3639}.Debug|Any CPU.ActiveCfg = Debug|Any CPU
		{0C5DE2EE-ABA8-4869-80BC-6E7F4F1A3639}.Debug|Any CPU.Build.0 = Debug|Any CPU
		{0C5DE2EE-ABA8-4869-80BC-6E7F4F1A3639}.Release|Any CPU.ActiveCfg = Release|Any CPU
		{0C5DE2EE-ABA8-4869-80BC-6E7F4F1A3639}.Release|Any CPU.Build.0 = Release|Any CPU
	EndGlobalSection
	GlobalSection(SolutionProperties) = preSolution
		HideSolutionNode = FALSE
	EndGlobalSection
	GlobalSection(ExtensibilityGlobals) = postSolution
		SolutionGuid = {45DA785C-EF89-435B-8624-418DAFC47BC5}
	EndGlobalSection
EndGlobal
